// !$*UTF8*$!
{
	archiveVersion = 1;
	classes = {
	};
	objectVersion = 50;
	objects = {

/* Begin PBXBuildFile section */
		21C970319A1E0B4EC0BE2679 /* Pods_BreakfastBowlBuilder.framework in Frameworks */ = {isa = PBXBuildFile; fileRef = D9A74C0F805CD0AC60437539 /* Pods_BreakfastBowlBuilder.framework */; };
		6240181A1F8DC37100CD24DC /* IngredientCell.swift in Sources */ = {isa = PBXBuildFile; fileRef = 624018181F8DC37100CD24DC /* IngredientCell.swift */; };
		6240181B1F8DC37100CD24DC /* IngredientCell.xib in Resources */ = {isa = PBXBuildFile; fileRef = 624018191F8DC37100CD24DC /* IngredientCell.xib */; };
		9402D7AA207818A400EBF777 /* Crashlytics.framework in Frameworks */ = {isa = PBXBuildFile; fileRef = 9402D7A8207818A400EBF777 /* Crashlytics.framework */; };
		9402D7AB207818A400EBF777 /* Fabric.framework in Frameworks */ = {isa = PBXBuildFile; fileRef = 9402D7A9207818A400EBF777 /* Fabric.framework */; };
		94248B6C2072FE83008B3A02 /* RecipeIdeasTableViewController.swift in Sources */ = {isa = PBXBuildFile; fileRef = 94248B6B2072FE83008B3A02 /* RecipeIdeasTableViewController.swift */; };
		94248B6E20730432008B3A02 /* RecipeDetailViewController.swift in Sources */ = {isa = PBXBuildFile; fileRef = 94248B6D20730432008B3A02 /* RecipeDetailViewController.swift */; };
		943274A91F6B09FF00E341A2 /* MainMenuTableViewController.swift in Sources */ = {isa = PBXBuildFile; fileRef = 943274A81F6B09FF00E341A2 /* MainMenuTableViewController.swift */; };
		943274AB1F6B2FAF00E341A2 /* IngredientTableViewController.swift in Sources */ = {isa = PBXBuildFile; fileRef = 943274AA1F6B2FAF00E341A2 /* IngredientTableViewController.swift */; };
		943274AF1F6B3CB900E341A2 /* IngredientDetailViewController.swift in Sources */ = {isa = PBXBuildFile; fileRef = 943274AE1F6B3CB900E341A2 /* IngredientDetailViewController.swift */; };
		9456341B1F73C3AC00D19B6C /* AppBackstoryViewController.swift in Sources */ = {isa = PBXBuildFile; fileRef = 9456341A1F73C3AC00D19B6C /* AppBackstoryViewController.swift */; };
		947380642097F67E0082AA5C /* Grain.json in Resources */ = {isa = PBXBuildFile; fileRef = 947380632097F67D0082AA5C /* Grain.json */; };
		948766521F731AAD00971F42 /* HowItWorksViewController.swift in Sources */ = {isa = PBXBuildFile; fileRef = 948766511F731AAD00971F42 /* HowItWorksViewController.swift */; };
		94935B612063263800E55D6B /* BuildYourBowlTableViewCell.swift in Sources */ = {isa = PBXBuildFile; fileRef = 94935B602063263800E55D6B /* BuildYourBowlTableViewCell.swift */; };
		9493AA6D1F72B50100F6604B /* LiquidTableViewController.swift in Sources */ = {isa = PBXBuildFile; fileRef = 9493AA6C1F72B50100F6604B /* LiquidTableViewController.swift */; };
		9493AA711F72C18900F6604B /* EquipmentTableViewController.swift in Sources */ = {isa = PBXBuildFile; fileRef = 9493AA701F72C18900F6604B /* EquipmentTableViewController.swift */; };
		9493AA771F72CA0500F6604B /* AddInTableViewController.swift in Sources */ = {isa = PBXBuildFile; fileRef = 9493AA761F72CA0500F6604B /* AddInTableViewController.swift */; };
		9493AA791F72D17E00F6604B /* FruitTableViewController.swift in Sources */ = {isa = PBXBuildFile; fileRef = 9493AA781F72D17E00F6604B /* FruitTableViewController.swift */; };
		9493AA7F1F72D94F00F6604B /* ToppingTableViewController.swift in Sources */ = {isa = PBXBuildFile; fileRef = 9493AA7E1F72D94F00F6604B /* ToppingTableViewController.swift */; };
		9497824A1F6C3261003AB3E7 /* WebsiteViewController.swift in Sources */ = {isa = PBXBuildFile; fileRef = 949782491F6C3261003AB3E7 /* WebsiteViewController.swift */; };
		94B6CE512093C138001C9C20 /* IngredientData.json in Resources */ = {isa = PBXBuildFile; fileRef = 94B6CE502093C138001C9C20 /* IngredientData.json */; };
		94BC067D1F6037BD0075A5BF /* AppDelegate.swift in Sources */ = {isa = PBXBuildFile; fileRef = 94BC067C1F6037BD0075A5BF /* AppDelegate.swift */; };
		94BC06821F6037BD0075A5BF /* Main.storyboard in Resources */ = {isa = PBXBuildFile; fileRef = 94BC06801F6037BD0075A5BF /* Main.storyboard */; };
		94BC06871F6037BD0075A5BF /* LaunchScreen.storyboard in Resources */ = {isa = PBXBuildFile; fileRef = 94BC06851F6037BD0075A5BF /* LaunchScreen.storyboard */; };
		94C301D82064574D004DA2F1 /* Assets.xcassets in Resources */ = {isa = PBXBuildFile; fileRef = 94C301D72064574D004DA2F1 /* Assets.xcassets */; };
		94D3262B1F83ABCB006E397C /* Ingredient.swift in Sources */ = {isa = PBXBuildFile; fileRef = 94D3262A1F83ABCB006E397C /* Ingredient.swift */; };
		94F1A7A920641F0C001B3C03 /* BYBTableViewController.swift in Sources */ = {isa = PBXBuildFile; fileRef = 94F1A7A820641F0C001B3C03 /* BYBTableViewController.swift */; };
		94F45E202084489C007C679B /* Pods-BreakfastBowlBuilder-frameworks.sh in Resources */ = {isa = PBXBuildFile; fileRef = 94F45E1F2084489C007C679B /* Pods-BreakfastBowlBuilder-frameworks.sh */; };
		94F45E2220844E5F007C679B /* GoogleService-Info.plist in Resources */ = {isa = PBXBuildFile; fileRef = 94F45E2120844E5F007C679B /* GoogleService-Info.plist */; };
/* End PBXBuildFile section */

/* Begin PBXFileReference section */
		42E787BD6E636B5C84F2A75A /* Pods-BreakfastBowlBuilder.debug.xcconfig */ = {isa = PBXFileReference; includeInIndex = 1; lastKnownFileType = text.xcconfig; name = "Pods-BreakfastBowlBuilder.debug.xcconfig"; path = "Pods/Target Support Files/Pods-BreakfastBowlBuilder/Pods-BreakfastBowlBuilder.debug.xcconfig"; sourceTree = "<group>"; };
		624018181F8DC37100CD24DC /* IngredientCell.swift */ = {isa = PBXFileReference; lastKnownFileType = sourcecode.swift; path = IngredientCell.swift; sourceTree = "<group>"; };
		624018191F8DC37100CD24DC /* IngredientCell.xib */ = {isa = PBXFileReference; lastKnownFileType = file.xib; path = IngredientCell.xib; sourceTree = "<group>"; };
		9402D7A8207818A400EBF777 /* Crashlytics.framework */ = {isa = PBXFileReference; lastKnownFileType = wrapper.framework; path = Crashlytics.framework; sourceTree = SOURCE_ROOT; };
		9402D7A9207818A400EBF777 /* Fabric.framework */ = {isa = PBXFileReference; lastKnownFileType = wrapper.framework; path = Fabric.framework; sourceTree = SOURCE_ROOT; };
		94248B6B2072FE83008B3A02 /* RecipeIdeasTableViewController.swift */ = {isa = PBXFileReference; lastKnownFileType = sourcecode.swift; path = RecipeIdeasTableViewController.swift; sourceTree = "<group>"; };
		94248B6D20730432008B3A02 /* RecipeDetailViewController.swift */ = {isa = PBXFileReference; lastKnownFileType = sourcecode.swift; path = RecipeDetailViewController.swift; sourceTree = "<group>"; };
		943274A81F6B09FF00E341A2 /* MainMenuTableViewController.swift */ = {isa = PBXFileReference; lastKnownFileType = sourcecode.swift; path = MainMenuTableViewController.swift; sourceTree = "<group>"; };
		943274AA1F6B2FAF00E341A2 /* IngredientTableViewController.swift */ = {isa = PBXFileReference; lastKnownFileType = sourcecode.swift; path = IngredientTableViewController.swift; sourceTree = "<group>"; };
		943274AE1F6B3CB900E341A2 /* IngredientDetailViewController.swift */ = {isa = PBXFileReference; lastKnownFileType = sourcecode.swift; path = IngredientDetailViewController.swift; sourceTree = "<group>"; };
		9456341A1F73C3AC00D19B6C /* AppBackstoryViewController.swift */ = {isa = PBXFileReference; lastKnownFileType = sourcecode.swift; path = AppBackstoryViewController.swift; sourceTree = "<group>"; };
		947380632097F67D0082AA5C /* Grain.json */ = {isa = PBXFileReference; fileEncoding = 4; lastKnownFileType = text.json; path = Grain.json; sourceTree = "<group>"; };
		948766511F731AAD00971F42 /* HowItWorksViewController.swift */ = {isa = PBXFileReference; lastKnownFileType = sourcecode.swift; path = HowItWorksViewController.swift; sourceTree = "<group>"; };
		94935B602063263800E55D6B /* BuildYourBowlTableViewCell.swift */ = {isa = PBXFileReference; lastKnownFileType = sourcecode.swift; path = BuildYourBowlTableViewCell.swift; sourceTree = "<group>"; };
		9493AA6C1F72B50100F6604B /* LiquidTableViewController.swift */ = {isa = PBXFileReference; lastKnownFileType = sourcecode.swift; path = LiquidTableViewController.swift; sourceTree = "<group>"; };
		9493AA701F72C18900F6604B /* EquipmentTableViewController.swift */ = {isa = PBXFileReference; lastKnownFileType = sourcecode.swift; path = EquipmentTableViewController.swift; sourceTree = "<group>"; };
		9493AA761F72CA0500F6604B /* AddInTableViewController.swift */ = {isa = PBXFileReference; lastKnownFileType = sourcecode.swift; path = AddInTableViewController.swift; sourceTree = "<group>"; };
		9493AA781F72D17E00F6604B /* FruitTableViewController.swift */ = {isa = PBXFileReference; lastKnownFileType = sourcecode.swift; path = FruitTableViewController.swift; sourceTree = "<group>"; };
		9493AA7E1F72D94F00F6604B /* ToppingTableViewController.swift */ = {isa = PBXFileReference; lastKnownFileType = sourcecode.swift; path = ToppingTableViewController.swift; sourceTree = "<group>"; };
		949782491F6C3261003AB3E7 /* WebsiteViewController.swift */ = {isa = PBXFileReference; lastKnownFileType = sourcecode.swift; path = WebsiteViewController.swift; sourceTree = "<group>"; };
		94B6CE502093C138001C9C20 /* IngredientData.json */ = {isa = PBXFileReference; fileEncoding = 4; lastKnownFileType = text.json; path = IngredientData.json; sourceTree = "<group>"; };
		94BC06791F6037BD0075A5BF /* BfastBowlBldr.app */ = {isa = PBXFileReference; explicitFileType = wrapper.application; includeInIndex = 0; name = BfastBowlBldr.app; path = BreakfastBowlBuilder.app; sourceTree = BUILT_PRODUCTS_DIR; };
		94BC067C1F6037BD0075A5BF /* AppDelegate.swift */ = {isa = PBXFileReference; lastKnownFileType = sourcecode.swift; path = AppDelegate.swift; sourceTree = "<group>"; };
		94BC06811F6037BD0075A5BF /* Base */ = {isa = PBXFileReference; lastKnownFileType = file.storyboard; name = Base; path = Base.lproj/Main.storyboard; sourceTree = "<group>"; };
		94BC06861F6037BD0075A5BF /* Base */ = {isa = PBXFileReference; lastKnownFileType = file.storyboard; name = Base; path = Base.lproj/LaunchScreen.storyboard; sourceTree = "<group>"; };
		94BC06881F6037BD0075A5BF /* Info.plist */ = {isa = PBXFileReference; lastKnownFileType = text.plist.xml; path = Info.plist; sourceTree = "<group>"; };
		94C301D72064574D004DA2F1 /* Assets.xcassets */ = {isa = PBXFileReference; lastKnownFileType = folder.assetcatalog; path = Assets.xcassets; sourceTree = "<group>"; };
		94D3262A1F83ABCB006E397C /* Ingredient.swift */ = {isa = PBXFileReference; lastKnownFileType = sourcecode.swift; path = Ingredient.swift; sourceTree = "<group>"; };
		94F1A7A820641F0C001B3C03 /* BYBTableViewController.swift */ = {isa = PBXFileReference; lastKnownFileType = sourcecode.swift; path = BYBTableViewController.swift; sourceTree = "<group>"; };
		94F45E1F2084489C007C679B /* Pods-BreakfastBowlBuilder-frameworks.sh */ = {isa = PBXFileReference; fileEncoding = 4; lastKnownFileType = text.script.sh; name = "Pods-BreakfastBowlBuilder-frameworks.sh"; path = "Pods/Target Support Files/Pods-BreakfastBowlBuilder/Pods-BreakfastBowlBuilder-frameworks.sh"; sourceTree = "<group>"; };
		94F45E2120844E5F007C679B /* GoogleService-Info.plist */ = {isa = PBXFileReference; fileEncoding = 4; lastKnownFileType = text.plist.xml; name = "GoogleService-Info.plist"; path = "../../../../Downloads/GoogleService-Info.plist"; sourceTree = "<group>"; };
		D9A74C0F805CD0AC60437539 /* Pods_BreakfastBowlBuilder.framework */ = {isa = PBXFileReference; explicitFileType = wrapper.framework; includeInIndex = 0; path = Pods_BreakfastBowlBuilder.framework; sourceTree = BUILT_PRODUCTS_DIR; };
		EAC44696526D383633D0ABCD /* Pods-BreakfastBowlBuilder.release.xcconfig */ = {isa = PBXFileReference; includeInIndex = 1; lastKnownFileType = text.xcconfig; name = "Pods-BreakfastBowlBuilder.release.xcconfig"; path = "Pods/Target Support Files/Pods-BreakfastBowlBuilder/Pods-BreakfastBowlBuilder.release.xcconfig"; sourceTree = "<group>"; };
/* End PBXFileReference section */

/* Begin PBXFrameworksBuildPhase section */
		94BC06761F6037BD0075A5BF /* Frameworks */ = {
			isa = PBXFrameworksBuildPhase;
			buildActionMask = 2147483647;
			files = (
				9402D7AA207818A400EBF777 /* Crashlytics.framework in Frameworks */,
				9402D7AB207818A400EBF777 /* Fabric.framework in Frameworks */,
				21C970319A1E0B4EC0BE2679 /* Pods_BreakfastBowlBuilder.framework in Frameworks */,
			);
			runOnlyForDeploymentPostprocessing = 0;
		};
/* End PBXFrameworksBuildPhase section */

/* Begin PBXGroup section */
		6212DDF21F861E59009B64A0 /* ViewControllers */ = {
			isa = PBXGroup;
			children = (
				943274A81F6B09FF00E341A2 /* MainMenuTableViewController.swift */,
				943274AA1F6B2FAF00E341A2 /* IngredientTableViewController.swift */,
				943274AE1F6B3CB900E341A2 /* IngredientDetailViewController.swift */,
				949782491F6C3261003AB3E7 /* WebsiteViewController.swift */,
				9493AA6C1F72B50100F6604B /* LiquidTableViewController.swift */,
				9493AA761F72CA0500F6604B /* AddInTableViewController.swift */,
				9493AA781F72D17E00F6604B /* FruitTableViewController.swift */,
				9493AA7E1F72D94F00F6604B /* ToppingTableViewController.swift */,
				94F1A7A820641F0C001B3C03 /* BYBTableViewController.swift */,
				94935B602063263800E55D6B /* BuildYourBowlTableViewCell.swift */,
				948766511F731AAD00971F42 /* HowItWorksViewController.swift */,
				94248B6B2072FE83008B3A02 /* RecipeIdeasTableViewController.swift */,
				94248B6D20730432008B3A02 /* RecipeDetailViewController.swift */,
				9493AA701F72C18900F6604B /* EquipmentTableViewController.swift */,
				9456341A1F73C3AC00D19B6C /* AppBackstoryViewController.swift */,
			);
			path = ViewControllers;
			sourceTree = "<group>";
		};
		6212DDF31F861E88009B64A0 /* View */ = {
			isa = PBXGroup;
			children = (
				94BC06851F6037BD0075A5BF /* LaunchScreen.storyboard */,
				94BC06801F6037BD0075A5BF /* Main.storyboard */,
				624018181F8DC37100CD24DC /* IngredientCell.swift */,
				624018191F8DC37100CD24DC /* IngredientCell.xib */,
			);
			path = View;
			sourceTree = "<group>";
		};
		6212DDF41F861E9C009B64A0 /* Model */ = {
			isa = PBXGroup;
			children = (
				94D3262A1F83ABCB006E397C /* Ingredient.swift */,
				94B6CE502093C138001C9C20 /* IngredientData.json */,
				947380632097F67D0082AA5C /* Grain.json */,
			);
			path = Model;
			sourceTree = "<group>";
		};
		78049730F3524943C9695680 /* Frameworks */ = {
			isa = PBXGroup;
			children = (
				D9A74C0F805CD0AC60437539 /* Pods_BreakfastBowlBuilder.framework */,
			);
			name = Frameworks;
			sourceTree = "<group>";
		};
		94BC06701F6037BD0075A5BF = {
			isa = PBXGroup;
			children = (
				94F45E1F2084489C007C679B /* Pods-BreakfastBowlBuilder-frameworks.sh */,
				94BC067B1F6037BD0075A5BF /* BfastBowlBldr */,
				94BC067A1F6037BD0075A5BF /* Products */,
				9DE62B2F147D51C93110CFB8 /* Pods */,
				78049730F3524943C9695680 /* Frameworks */,
			);
			sourceTree = "<group>";
		};
		94BC067A1F6037BD0075A5BF /* Products */ = {
			isa = PBXGroup;
			children = (
				94BC06791F6037BD0075A5BF /* BfastBowlBldr.app */,
			);
			name = Products;
			sourceTree = "<group>";
		};
		94BC067B1F6037BD0075A5BF /* BfastBowlBldr */ = {
			isa = PBXGroup;
			children = (
				9402D7A8207818A400EBF777 /* Crashlytics.framework */,
				9402D7A9207818A400EBF777 /* Fabric.framework */,
				6212DDF41F861E9C009B64A0 /* Model */,
				6212DDF31F861E88009B64A0 /* View */,
				6212DDF21F861E59009B64A0 /* ViewControllers */,
				94BC067C1F6037BD0075A5BF /* AppDelegate.swift */,
				94BC06881F6037BD0075A5BF /* Info.plist */,
				94F45E2120844E5F007C679B /* GoogleService-Info.plist */,
				94C301D72064574D004DA2F1 /* Assets.xcassets */,
			);
			path = BfastBowlBldr;
			sourceTree = "<group>";
		};
		9DE62B2F147D51C93110CFB8 /* Pods */ = {
			isa = PBXGroup;
			children = (
				42E787BD6E636B5C84F2A75A /* Pods-BreakfastBowlBuilder.debug.xcconfig */,
				EAC44696526D383633D0ABCD /* Pods-BreakfastBowlBuilder.release.xcconfig */,
			);
			name = Pods;
			sourceTree = "<group>";
		};
/* End PBXGroup section */

/* Begin PBXNativeTarget section */
		94BC06781F6037BD0075A5BF /* BreakfastBowlBuilder */ = {
			isa = PBXNativeTarget;
			buildConfigurationList = 94BC068B1F6037BD0075A5BF /* Build configuration list for PBXNativeTarget "BreakfastBowlBuilder" */;
			buildPhases = (
				8DAA5B530DFBE489E65390F5 /* [CP] Check Pods Manifest.lock */,
				94325D76207BFCBE00F42847 /* ShellScript */,
				94BC06751F6037BD0075A5BF /* Sources */,
				94BC06761F6037BD0075A5BF /* Frameworks */,
				94BC06771F6037BD0075A5BF /* Resources */,
				9402D7A72078183F00EBF777 /* ShellScript */,
				536876BAF7D60C14D5CDE91B /* [CP] Embed Pods Frameworks */,
			);
			buildRules = (
			);
			dependencies = (
			);
			name = BreakfastBowlBuilder;
			productName = BfastBowlBldr;
			productReference = 94BC06791F6037BD0075A5BF /* BfastBowlBldr.app */;
			productType = "com.apple.product-type.application";
		};
/* End PBXNativeTarget section */

/* Begin PBXProject section */
		94BC06711F6037BD0075A5BF /* Project object */ = {
			isa = PBXProject;
			attributes = {
				LastSwiftUpdateCheck = 0900;
				LastUpgradeCheck = 0930;
				ORGANIZATIONNAME = "James Slusser";
				TargetAttributes = {
					94BC06781F6037BD0075A5BF = {
						CreatedOnToolsVersion = 9.0;
					};
				};
			};
			buildConfigurationList = 94BC06741F6037BD0075A5BF /* Build configuration list for PBXProject "BreakfastBowlBuilder" */;
			compatibilityVersion = "Xcode 9.3";
			developmentRegion = en;
			hasScannedForEncodings = 0;
			knownRegions = (
				en,
				Base,
			);
			mainGroup = 94BC06701F6037BD0075A5BF;
			productRefGroup = 94BC067A1F6037BD0075A5BF /* Products */;
			projectDirPath = "";
			projectRoot = "";
			targets = (
				94BC06781F6037BD0075A5BF /* BreakfastBowlBuilder */,
			);
		};
/* End PBXProject section */

/* Begin PBXResourcesBuildPhase section */
		94BC06771F6037BD0075A5BF /* Resources */ = {
			isa = PBXResourcesBuildPhase;
			buildActionMask = 2147483647;
			files = (
				6240181B1F8DC37100CD24DC /* IngredientCell.xib in Resources */,
				94BC06871F6037BD0075A5BF /* LaunchScreen.storyboard in Resources */,
				94C301D82064574D004DA2F1 /* Assets.xcassets in Resources */,
				947380642097F67E0082AA5C /* Grain.json in Resources */,
				94F45E202084489C007C679B /* Pods-BreakfastBowlBuilder-frameworks.sh in Resources */,
				94B6CE512093C138001C9C20 /* IngredientData.json in Resources */,
				94BC06821F6037BD0075A5BF /* Main.storyboard in Resources */,
				94F45E2220844E5F007C679B /* GoogleService-Info.plist in Resources */,
			);
			runOnlyForDeploymentPostprocessing = 0;
		};
/* End PBXResourcesBuildPhase section */

/* Begin PBXShellScriptBuildPhase section */
		536876BAF7D60C14D5CDE91B /* [CP] Embed Pods Frameworks */ = {
			isa = PBXShellScriptBuildPhase;
			buildActionMask = 2147483647;
			files = (
			);
			inputPaths = (
				"${SRCROOT}/Pods/Target Support Files/Pods-BreakfastBowlBuilder/Pods-BreakfastBowlBuilder-frameworks.sh",
				"${BUILT_PRODUCTS_DIR}/GoogleToolboxForMac/GoogleToolboxForMac.framework",
				"${BUILT_PRODUCTS_DIR}/nanopb/nanopb.framework",
			);
			name = "[CP] Embed Pods Frameworks";
			outputPaths = (
				"${TARGET_BUILD_DIR}/${FRAMEWORKS_FOLDER_PATH}/GoogleToolboxForMac.framework",
				"${TARGET_BUILD_DIR}/${FRAMEWORKS_FOLDER_PATH}/nanopb.framework",
			);
			runOnlyForDeploymentPostprocessing = 0;
			shellPath = /bin/sh;
			shellScript = "\"${SRCROOT}/Pods/Target Support Files/Pods-BreakfastBowlBuilder/Pods-BreakfastBowlBuilder-frameworks.sh\"\n";
			showEnvVarsInLog = 0;
		};
		8DAA5B530DFBE489E65390F5 /* [CP] Check Pods Manifest.lock */ = {
			isa = PBXShellScriptBuildPhase;
			buildActionMask = 2147483647;
			files = (
			);
			inputPaths = (
				"${PODS_PODFILE_DIR_PATH}/Podfile.lock",
				"${PODS_ROOT}/Manifest.lock",
			);
			name = "[CP] Check Pods Manifest.lock";
			outputPaths = (
				"$(DERIVED_FILE_DIR)/Pods-BreakfastBowlBuilder-checkManifestLockResult.txt",
			);
			runOnlyForDeploymentPostprocessing = 0;
			shellPath = /bin/sh;
			shellScript = "diff \"${PODS_PODFILE_DIR_PATH}/Podfile.lock\" \"${PODS_ROOT}/Manifest.lock\" > /dev/null\nif [ $? != 0 ] ; then\n    # print error to STDERR\n    echo \"error: The sandbox is not in sync with the Podfile.lock. Run 'pod install' or update your CocoaPods installation.\" >&2\n    exit 1\nfi\n# This output is used by Xcode 'outputs' to avoid re-running this script phase.\necho \"SUCCESS\" > \"${SCRIPT_OUTPUT_FILE_0}\"\n";
			showEnvVarsInLog = 0;
		};
		9402D7A72078183F00EBF777 /* ShellScript */ = {
			isa = PBXShellScriptBuildPhase;
			buildActionMask = 2147483647;
			files = (
			);
			inputPaths = (
			);
			outputPaths = (
			);
			runOnlyForDeploymentPostprocessing = 0;
			shellPath = /bin/sh;
			shellScript = "./Fabric.framework/run 31fd85b49656a3fdf23b8edb3921cfb71b138c38 6a54b13348349ac7e65bd008eadf1ea33ff3ea14192add45f9bf8e4be5a10cad";
		};
		94325D76207BFCBE00F42847 /* ShellScript */ = {
			isa = PBXShellScriptBuildPhase;
			buildActionMask = 2147483647;
			files = (
			);
			inputPaths = (
			);
			outputPaths = (
			);
			runOnlyForDeploymentPostprocessing = 0;
			shellPath = /bin/sh;
			shellScript = "\"${PODS_ROOT}/SwiftLint/swiftlint\"";
		};
/* End PBXShellScriptBuildPhase section */

/* Begin PBXSourcesBuildPhase section */
		94BC06751F6037BD0075A5BF /* Sources */ = {
			isa = PBXSourcesBuildPhase;
			buildActionMask = 2147483647;
			files = (
				9493AA771F72CA0500F6604B /* AddInTableViewController.swift in Sources */,
				9493AA791F72D17E00F6604B /* FruitTableViewController.swift in Sources */,
				94935B612063263800E55D6B /* BuildYourBowlTableViewCell.swift in Sources */,
				943274A91F6B09FF00E341A2 /* MainMenuTableViewController.swift in Sources */,
				94248B6C2072FE83008B3A02 /* RecipeIdeasTableViewController.swift in Sources */,
				9456341B1F73C3AC00D19B6C /* AppBackstoryViewController.swift in Sources */,
				9493AA7F1F72D94F00F6604B /* ToppingTableViewController.swift in Sources */,
				94F1A7A920641F0C001B3C03 /* BYBTableViewController.swift in Sources */,
				943274AB1F6B2FAF00E341A2 /* IngredientTableViewController.swift in Sources */,
				9493AA711F72C18900F6604B /* EquipmentTableViewController.swift in Sources */,
				94248B6E20730432008B3A02 /* RecipeDetailViewController.swift in Sources */,
				6240181A1F8DC37100CD24DC /* IngredientCell.swift in Sources */,
				94BC067D1F6037BD0075A5BF /* AppDelegate.swift in Sources */,
				9497824A1F6C3261003AB3E7 /* WebsiteViewController.swift in Sources */,
				94D3262B1F83ABCB006E397C /* Ingredient.swift in Sources */,
				9493AA6D1F72B50100F6604B /* LiquidTableViewController.swift in Sources */,
				943274AF1F6B3CB900E341A2 /* IngredientDetailViewController.swift in Sources */,
				948766521F731AAD00971F42 /* HowItWorksViewController.swift in Sources */,
			);
			runOnlyForDeploymentPostprocessing = 0;
		};
/* End PBXSourcesBuildPhase section */

/* Begin PBXVariantGroup section */
		94BC06801F6037BD0075A5BF /* Main.storyboard */ = {
			isa = PBXVariantGroup;
			children = (
				94BC06811F6037BD0075A5BF /* Base */,
			);
			name = Main.storyboard;
			sourceTree = "<group>";
		};
		94BC06851F6037BD0075A5BF /* LaunchScreen.storyboard */ = {
			isa = PBXVariantGroup;
			children = (
				94BC06861F6037BD0075A5BF /* Base */,
			);
			name = LaunchScreen.storyboard;
			sourceTree = "<group>";
		};
/* End PBXVariantGroup section */

/* Begin XCBuildConfiguration section */
		94BC06891F6037BD0075A5BF /* Debug */ = {
			isa = XCBuildConfiguration;
			buildSettings = {
				ALWAYS_SEARCH_USER_PATHS = NO;
				CLANG_ANALYZER_NONNULL = YES;
				CLANG_ANALYZER_NUMBER_OBJECT_CONVERSION = YES_AGGRESSIVE;
				CLANG_CXX_LANGUAGE_STANDARD = "gnu++14";
				CLANG_CXX_LIBRARY = "libc++";
				CLANG_ENABLE_MODULES = YES;
				CLANG_ENABLE_OBJC_ARC = YES;
				CLANG_WARN_BLOCK_CAPTURE_AUTORELEASING = YES;
				CLANG_WARN_BOOL_CONVERSION = YES;
				CLANG_WARN_COMMA = YES;
				CLANG_WARN_CONSTANT_CONVERSION = YES;
				CLANG_WARN_DEPRECATED_OBJC_IMPLEMENTATIONS = YES;
				CLANG_WARN_DIRECT_OBJC_ISA_USAGE = YES_ERROR;
				CLANG_WARN_DOCUMENTATION_COMMENTS = YES;
				CLANG_WARN_EMPTY_BODY = YES;
				CLANG_WARN_ENUM_CONVERSION = YES;
				CLANG_WARN_INFINITE_RECURSION = YES;
				CLANG_WARN_INT_CONVERSION = YES;
				CLANG_WARN_NON_LITERAL_NULL_CONVERSION = YES;
				CLANG_WARN_OBJC_IMPLICIT_RETAIN_SELF = YES;
				CLANG_WARN_OBJC_LITERAL_CONVERSION = YES;
				CLANG_WARN_OBJC_ROOT_CLASS = YES_ERROR;
				CLANG_WARN_RANGE_LOOP_ANALYSIS = YES;
				CLANG_WARN_STRICT_PROTOTYPES = YES;
				CLANG_WARN_SUSPICIOUS_MOVE = YES;
				CLANG_WARN_UNGUARDED_AVAILABILITY = YES_AGGRESSIVE;
				CLANG_WARN_UNREACHABLE_CODE = YES;
				CLANG_WARN__DUPLICATE_METHOD_MATCH = YES;
				CODE_SIGN_IDENTITY = "iPhone Developer";
				COPY_PHASE_STRIP = NO;
				DEBUG_INFORMATION_FORMAT = dwarf;
				ENABLE_STRICT_OBJC_MSGSEND = YES;
				ENABLE_TESTABILITY = YES;
				GCC_C_LANGUAGE_STANDARD = gnu11;
				GCC_DYNAMIC_NO_PIC = NO;
				GCC_NO_COMMON_BLOCKS = YES;
				GCC_OPTIMIZATION_LEVEL = 0;
				GCC_PREPROCESSOR_DEFINITIONS = (
					"DEBUG=1",
					"$(inherited)",
				);
				GCC_WARN_64_TO_32_BIT_CONVERSION = YES;
				GCC_WARN_ABOUT_RETURN_TYPE = YES_ERROR;
				GCC_WARN_UNDECLARED_SELECTOR = YES;
				GCC_WARN_UNINITIALIZED_AUTOS = YES_AGGRESSIVE;
				GCC_WARN_UNUSED_FUNCTION = YES;
				GCC_WARN_UNUSED_VARIABLE = YES;
				IPHONEOS_DEPLOYMENT_TARGET = 11.0;
				MTL_ENABLE_DEBUG_INFO = YES;
				ONLY_ACTIVE_ARCH = YES;
				SDKROOT = iphoneos;
				SWIFT_ACTIVE_COMPILATION_CONDITIONS = DEBUG;
				SWIFT_COMPILATION_MODE = singlefile;
				SWIFT_OPTIMIZATION_LEVEL = "-Onone";
			};
			name = Debug;
		};
		94BC068A1F6037BD0075A5BF /* Release */ = {
			isa = XCBuildConfiguration;
			buildSettings = {
				ALWAYS_SEARCH_USER_PATHS = NO;
				CLANG_ANALYZER_NONNULL = YES;
				CLANG_ANALYZER_NUMBER_OBJECT_CONVERSION = YES_AGGRESSIVE;
				CLANG_CXX_LANGUAGE_STANDARD = "gnu++14";
				CLANG_CXX_LIBRARY = "libc++";
				CLANG_ENABLE_MODULES = YES;
				CLANG_ENABLE_OBJC_ARC = YES;
				CLANG_WARN_BLOCK_CAPTURE_AUTORELEASING = YES;
				CLANG_WARN_BOOL_CONVERSION = YES;
				CLANG_WARN_COMMA = YES;
				CLANG_WARN_CONSTANT_CONVERSION = YES;
				CLANG_WARN_DEPRECATED_OBJC_IMPLEMENTATIONS = YES;
				CLANG_WARN_DIRECT_OBJC_ISA_USAGE = YES_ERROR;
				CLANG_WARN_DOCUMENTATION_COMMENTS = YES;
				CLANG_WARN_EMPTY_BODY = YES;
				CLANG_WARN_ENUM_CONVERSION = YES;
				CLANG_WARN_INFINITE_RECURSION = YES;
				CLANG_WARN_INT_CONVERSION = YES;
				CLANG_WARN_NON_LITERAL_NULL_CONVERSION = YES;
				CLANG_WARN_OBJC_IMPLICIT_RETAIN_SELF = YES;
				CLANG_WARN_OBJC_LITERAL_CONVERSION = YES;
				CLANG_WARN_OBJC_ROOT_CLASS = YES_ERROR;
				CLANG_WARN_RANGE_LOOP_ANALYSIS = YES;
				CLANG_WARN_STRICT_PROTOTYPES = YES;
				CLANG_WARN_SUSPICIOUS_MOVE = YES;
				CLANG_WARN_UNGUARDED_AVAILABILITY = YES_AGGRESSIVE;
				CLANG_WARN_UNREACHABLE_CODE = YES;
				CLANG_WARN__DUPLICATE_METHOD_MATCH = YES;
				CODE_SIGN_IDENTITY = "iPhone Developer";
				COPY_PHASE_STRIP = NO;
				DEBUG_INFORMATION_FORMAT = "dwarf-with-dsym";
				ENABLE_NS_ASSERTIONS = NO;
				ENABLE_STRICT_OBJC_MSGSEND = YES;
				GCC_C_LANGUAGE_STANDARD = gnu11;
				GCC_NO_COMMON_BLOCKS = YES;
				GCC_WARN_64_TO_32_BIT_CONVERSION = YES;
				GCC_WARN_ABOUT_RETURN_TYPE = YES_ERROR;
				GCC_WARN_UNDECLARED_SELECTOR = YES;
				GCC_WARN_UNINITIALIZED_AUTOS = YES_AGGRESSIVE;
				GCC_WARN_UNUSED_FUNCTION = YES;
				GCC_WARN_UNUSED_VARIABLE = YES;
				IPHONEOS_DEPLOYMENT_TARGET = 11.0;
				MTL_ENABLE_DEBUG_INFO = NO;
				SDKROOT = iphoneos;
				SWIFT_COMPILATION_MODE = wholemodule;
				SWIFT_OPTIMIZATION_LEVEL = "-O";
				VALIDATE_PRODUCT = YES;
			};
			name = Release;
		};
		94BC068C1F6037BD0075A5BF /* Debug */ = {
			isa = XCBuildConfiguration;
			baseConfigurationReference = 42E787BD6E636B5C84F2A75A /* Pods-BreakfastBowlBuilder.debug.xcconfig */;
			buildSettings = {
				ASSETCATALOG_COMPILER_APPICON_NAME = AppIcon;
				DEBUG_INFORMATION_FORMAT = "dwarf-with-dsym";
				DEVELOPMENT_TEAM = K373EY5YU9;
				FRAMEWORK_SEARCH_PATHS = (
					"$(inherited)",
					"$(PROJECT_DIR)",
				);
				INFOPLIST_FILE = BfastBowlBldr/Info.plist;
				IPHONEOS_DEPLOYMENT_TARGET = 11.0;
				LD_RUNPATH_SEARCH_PATHS = (
					"$(inherited)",
					"@executable_path/Frameworks",
				);
				PRODUCT_BUNDLE_IDENTIFIER = co.kurkuma.BreakfastBowlBuilder;
				PRODUCT_NAME = "$(TARGET_NAME)";
				SWIFT_VERSION = 4.0;
				TARGETED_DEVICE_FAMILY = "1,2";
			};
			name = Debug;
		};
		94BC068D1F6037BD0075A5BF /* Release */ = {
			isa = XCBuildConfiguration;
			baseConfigurationReference = EAC44696526D383633D0ABCD /* Pods-BreakfastBowlBuilder.release.xcconfig */;
			buildSettings = {
				ASSETCATALOG_COMPILER_APPICON_NAME = AppIcon;
				DEVELOPMENT_TEAM = K373EY5YU9;
				FRAMEWORK_SEARCH_PATHS = (
					"$(inherited)",
					"$(PROJECT_DIR)",
				);
				INFOPLIST_FILE = BfastBowlBldr/Info.plist;
				IPHONEOS_DEPLOYMENT_TARGET = 11.0;
				LD_RUNPATH_SEARCH_PATHS = (
					"$(inherited)",
					"@executable_path/Frameworks",
				);
				MTL_ENABLE_DEBUG_INFO = YES;
				PRODUCT_BUNDLE_IDENTIFIER = co.kurkuma.BreakfastBowlBuilder;
				PRODUCT_NAME = "$(TARGET_NAME)";
				SWIFT_VERSION = 4.0;
				TARGETED_DEVICE_FAMILY = "1,2";
			};
			name = Release;
		};
/* End XCBuildConfiguration section */

/* Begin XCConfigurationList section */
		94BC06741F6037BD0075A5BF /* Build configuration list for PBXProject "BreakfastBowlBuilder" */ = {
			isa = XCConfigurationList;
			buildConfigurations = (
				94BC06891F6037BD0075A5BF /* Debug */,
				94BC068A1F6037BD0075A5BF /* Release */,
			);
			defaultConfigurationIsVisible = 0;
			defaultConfigurationName = Release;
		};
		94BC068B1F6037BD0075A5BF /* Build configuration list for PBXNativeTarget "BreakfastBowlBuilder" */ = {
			isa = XCConfigurationList;
			buildConfigurations = (
				94BC068C1F6037BD0075A5BF /* Debug */,
				94BC068D1F6037BD0075A5BF /* Release */,
			);
			defaultConfigurationIsVisible = 0;
			defaultConfigurationName = Release;
		};
/* End XCConfigurationList section */
	};
	rootObject = 94BC06711F6037BD0075A5BF /* Project object */;
}
